
Microsoft Visual Studio Solution File, Format Version 12.00
# Visual Studio Version 17
VisualStudioVersion = 17.10.35122.118
MinimumVisualStudioVersion = 10.0.40219.1
Project("{9A19103F-16F7-4668-BE54-9A1E7A4F7556}") = "Playground", "Playground\Playground.csproj", "{904BB0D3-33ED-459A-8CB8-D8A93320C3F5}"
EndProject
Project("{9A19103F-16F7-4668-BE54-9A1E7A4F7556}") = "SkillFactory", "SkillFactory\SkillFactory.csproj", "{B66848F6-6A2D-40F4-83CF-7F60D2264C19}"
EndProject
Project("{9A19103F-16F7-4668-BE54-9A1E7A4F7556}") = "OOP", "OOP\OOP.csproj", "{CBA1F485-73BA-4AC1-92F2-768ACA482CC8}"
EndProject
Project("{9A19103F-16F7-4668-BE54-9A1E7A4F7556}") = "Playground2", "Random\Playground2.csproj", "{54F913BC-A667-4FB8-8A02-5FCF4B2AF981}"
EndProject
Project("{9A19103F-16F7-4668-BE54-9A1E7A4F7556}") = "Exception_SF", "Exception_SF\Exception_SF.csproj", "{2C9D2CB7-30CB-4F99-9AC2-B198843A1264}"
EndProject
Project("{9A19103F-16F7-4668-BE54-9A1E7A4F7556}") = "Delegates", "Delegates\Delegates.csproj", "{D2BE2E9B-2E68-48B9-8C84-5FFDC20F56C1}"
EndProject
Project("{9A19103F-16F7-4668-BE54-9A1E7A4F7556}") = "Arrays", "Arrays\Arrays.csproj", "{BFBB316B-F83E-4AEE-8CCA-B340C403B744}"
EndProject
Project("{9A19103F-16F7-4668-BE54-9A1E7A4F7556}") = "WorkWithClass", "WorkWithClass\WorkWithClass.csproj", "{CC6E3027-5EDF-4892-A5C2-077EE25934B7}"
EndProject
Project("{9A19103F-16F7-4668-BE54-9A1E7A4F7556}") = "Interface", "Interface\Interface.csproj", "{8F15D388-B37F-4419-BFA7-5AD3EF0E4E84}"
EndProject
Project("{FAE04EC0-301F-11D3-BF4B-00C04F79EFBC}") = "Tbot", "Tbot\Tbot.csproj", "{BF89C39B-ACB8-4CD1-ACC0-482DC62B0C50}"
EndProject
Global
	GlobalSection(SolutionConfigurationPlatforms) = preSolution
		Debug|Any CPU = Debug|Any CPU
		Release|Any CPU = Release|Any CPU
	EndGlobalSection
	GlobalSection(ProjectConfigurationPlatforms) = postSolution
		{904BB0D3-33ED-459A-8CB8-D8A93320C3F5}.Debug|Any CPU.ActiveCfg = Debug|Any CPU
		{904BB0D3-33ED-459A-8CB8-D8A93320C3F5}.Debug|Any CPU.Build.0 = Debug|Any CPU
		{904BB0D3-33ED-459A-8CB8-D8A93320C3F5}.Release|Any CPU.ActiveCfg = Release|Any CPU
		{904BB0D3-33ED-459A-8CB8-D8A93320C3F5}.Release|Any CPU.Build.0 = Release|Any CPU
		{B66848F6-6A2D-40F4-83CF-7F60D2264C19}.Debug|Any CPU.ActiveCfg = Debug|Any CPU
		{B66848F6-6A2D-40F4-83CF-7F60D2264C19}.Debug|Any CPU.Build.0 = Debug|Any CPU
		{B66848F6-6A2D-40F4-83CF-7F60D2264C19}.Release|Any CPU.ActiveCfg = Release|Any CPU
		{B66848F6-6A2D-40F4-83CF-7F60D2264C19}.Release|Any CPU.Build.0 = Release|Any CPU
		{CBA1F485-73BA-4AC1-92F2-768ACA482CC8}.Debug|Any CPU.ActiveCfg = Debug|Any CPU
		{CBA1F485-73BA-4AC1-92F2-768ACA482CC8}.Debug|Any CPU.Build.0 = Debug|Any CPU
		{CBA1F485-73BA-4AC1-92F2-768ACA482CC8}.Release|Any CPU.ActiveCfg = Release|Any CPU
		{CBA1F485-73BA-4AC1-92F2-768ACA482CC8}.Release|Any CPU.Build.0 = Release|Any CPU
		{54F913BC-A667-4FB8-8A02-5FCF4B2AF981}.Debug|Any CPU.ActiveCfg = Debug|Any CPU
		{54F913BC-A667-4FB8-8A02-5FCF4B2AF981}.Debug|Any CPU.Build.0 = Debug|Any CPU
		{54F913BC-A667-4FB8-8A02-5FCF4B2AF981}.Release|Any CPU.ActiveCfg = Release|Any CPU
		{54F913BC-A667-4FB8-8A02-5FCF4B2AF981}.Release|Any CPU.Build.0 = Release|Any CPU
		{2C9D2CB7-30CB-4F99-9AC2-B198843A1264}.Debug|Any CPU.ActiveCfg = Debug|Any CPU
		{2C9D2CB7-30CB-4F99-9AC2-B198843A1264}.Debug|Any CPU.Build.0 = Debug|Any CPU
		{2C9D2CB7-30CB-4F99-9AC2-B198843A1264}.Release|Any CPU.ActiveCfg = Release|Any CPU
		{2C9D2CB7-30CB-4F99-9AC2-B198843A1264}.Release|Any CPU.Build.0 = Release|Any CPU
		{D2BE2E9B-2E68-48B9-8C84-5FFDC20F56C1}.Debug|Any CPU.ActiveCfg = Debug|Any CPU
		{D2BE2E9B-2E68-48B9-8C84-5FFDC20F56C1}.Debug|Any CPU.Build.0 = Debug|Any CPU
		{D2BE2E9B-2E68-48B9-8C84-5FFDC20F56C1}.Release|Any CPU.ActiveCfg = Release|Any CPU
		{D2BE2E9B-2E68-48B9-8C84-5FFDC20F56C1}.Release|Any CPU.Build.0 = Release|Any CPU
		{BFBB316B-F83E-4AEE-8CCA-B340C403B744}.Debug|Any CPU.ActiveCfg = Debug|Any CPU
		{BFBB316B-F83E-4AEE-8CCA-B340C403B744}.Debug|Any CPU.Build.0 = Debug|Any CPU
		{BFBB316B-F83E-4AEE-8CCA-B340C403B744}.Release|Any CPU.ActiveCfg = Release|Any CPU
		{BFBB316B-F83E-4AEE-8CCA-B340C403B744}.Release|Any CPU.Build.0 = Release|Any CPU
		{CC6E3027-5EDF-4892-A5C2-077EE25934B7}.Debug|Any CPU.ActiveCfg = Debug|Any CPU
		{CC6E3027-5EDF-4892-A5C2-077EE25934B7}.Debug|Any CPU.Build.0 = Debug|Any CPU
		{CC6E3027-5EDF-4892-A5C2-077EE25934B7}.Release|Any CPU.ActiveCfg = Release|Any CPU
		{CC6E3027-5EDF-4892-A5C2-077EE25934B7}.Release|Any CPU.Build.0 = Release|Any CPU
		{8F15D388-B37F-4419-BFA7-5AD3EF0E4E84}.Debug|Any CPU.ActiveCfg = Debug|Any CPU
		{8F15D388-B37F-4419-BFA7-5AD3EF0E4E84}.Debug|Any CPU.Build.0 = Debug|Any CPU
		{8F15D388-B37F-4419-BFA7-5AD3EF0E4E84}.Release|Any CPU.ActiveCfg = Release|Any CPU
		{8F15D388-B37F-4419-BFA7-5AD3EF0E4E84}.Release|Any CPU.Build.0 = Release|Any CPU
		{BF89C39B-ACB8-4CD1-ACC0-482DC62B0C50}.Debug|Any CPU.ActiveCfg = Debug|Any CPU
		{BF89C39B-ACB8-4CD1-ACC0-482DC62B0C50}.Debug|Any CPU.Build.0 = Debug|Any CPU
		{BF89C39B-ACB8-4CD1-ACC0-482DC62B0C50}.Release|Any CPU.ActiveCfg = Release|Any CPU
		{BF89C39B-ACB8-4CD1-ACC0-482DC62B0C50}.Release|Any CPU.Build.0 = Release|Any CPU
	EndGlobalSection
	GlobalSection(SolutionProperties) = preSolution
		HideSolutionNode = FALSE
	EndGlobalSection
	GlobalSection(ExtensibilityGlobals) = postSolution
		SolutionGuid = {B094BCCB-FE39-4B3C-9C3E-AE80F09DA878}
	EndGlobalSection
EndGlobal
