
Microsoft Visual Studio Solution File, Format Version 12.00
# Visual Studio Version 17
VisualStudioVersion = 17.10.35122.118
MinimumVisualStudioVersion = 10.0.40219.1
Project("{9A19103F-16F7-4668-BE54-9A1E7A4F7556}") = "C# _while", "C# _while\C# _while.csproj", "{904BB0D3-33ED-459A-8CB8-D8A93320C3F5}"
EndProject
Project("{2150E333-8FDC-42A3-9474-1A3956D46DE8}") = "Элементы решения", "Элементы решения", "{F4A06305-D21A-424C-A644-988B2CEB4D0F}"
	ProjectSection(SolutionItems) = preProject
		SkillFactory\Program.cs = SkillFactory\Program.cs
	EndProjectSection
EndProject
Project("{2150E333-8FDC-42A3-9474-1A3956D46DE8}") = "SkillFactory", "SkillFactory", "{B4816820-5513-4E71-BD11-C35AACE6B3AF}"
EndProject
Project("{9A19103F-16F7-4668-BE54-9A1E7A4F7556}") = "SkillFactory", "SkillFactory\SkillFactory.csproj", "{B66848F6-6A2D-40F4-83CF-7F60D2264C19}"
EndProject
Project("{9A19103F-16F7-4668-BE54-9A1E7A4F7556}") = "OOP", "OOP\OOP.csproj", "{CBA1F485-73BA-4AC1-92F2-768ACA482CC8}"
EndProject
Project("{9A19103F-16F7-4668-BE54-9A1E7A4F7556}") = "Tests", "Tests\Tests.csproj", "{4C38E951-47DB-49A0-AA43-EB29A5388207}"
EndProject
Global
	GlobalSection(SolutionConfigurationPlatforms) = preSolution
		Debug|Any CPU = Debug|Any CPU
		Release|Any CPU = Release|Any CPU
	EndGlobalSection
	GlobalSection(ProjectConfigurationPlatforms) = postSolution
		{904BB0D3-33ED-459A-8CB8-D8A93320C3F5}.Debug|Any CPU.ActiveCfg = Debug|Any CPU
		{904BB0D3-33ED-459A-8CB8-D8A93320C3F5}.Debug|Any CPU.Build.0 = Debug|Any CPU
		{904BB0D3-33ED-459A-8CB8-D8A93320C3F5}.Release|Any CPU.ActiveCfg = Release|Any CPU
		{904BB0D3-33ED-459A-8CB8-D8A93320C3F5}.Release|Any CPU.Build.0 = Release|Any CPU
		{B66848F6-6A2D-40F4-83CF-7F60D2264C19}.Debug|Any CPU.ActiveCfg = Debug|Any CPU
		{B66848F6-6A2D-40F4-83CF-7F60D2264C19}.Debug|Any CPU.Build.0 = Debug|Any CPU
		{B66848F6-6A2D-40F4-83CF-7F60D2264C19}.Release|Any CPU.ActiveCfg = Release|Any CPU
		{B66848F6-6A2D-40F4-83CF-7F60D2264C19}.Release|Any CPU.Build.0 = Release|Any CPU
		{CBA1F485-73BA-4AC1-92F2-768ACA482CC8}.Debug|Any CPU.ActiveCfg = Debug|Any CPU
		{CBA1F485-73BA-4AC1-92F2-768ACA482CC8}.Debug|Any CPU.Build.0 = Debug|Any CPU
		{CBA1F485-73BA-4AC1-92F2-768ACA482CC8}.Release|Any CPU.ActiveCfg = Release|Any CPU
		{CBA1F485-73BA-4AC1-92F2-768ACA482CC8}.Release|Any CPU.Build.0 = Release|Any CPU
		{4C38E951-47DB-49A0-AA43-EB29A5388207}.Debug|Any CPU.ActiveCfg = Debug|Any CPU
		{4C38E951-47DB-49A0-AA43-EB29A5388207}.Debug|Any CPU.Build.0 = Debug|Any CPU
		{4C38E951-47DB-49A0-AA43-EB29A5388207}.Release|Any CPU.ActiveCfg = Release|Any CPU
		{4C38E951-47DB-49A0-AA43-EB29A5388207}.Release|Any CPU.Build.0 = Release|Any CPU
	EndGlobalSection
	GlobalSection(SolutionProperties) = preSolution
		HideSolutionNode = FALSE
	EndGlobalSection
	GlobalSection(NestedProjects) = preSolution
		{B66848F6-6A2D-40F4-83CF-7F60D2264C19} = {B4816820-5513-4E71-BD11-C35AACE6B3AF}
	EndGlobalSection
	GlobalSection(ExtensibilityGlobals) = postSolution
		SolutionGuid = {B094BCCB-FE39-4B3C-9C3E-AE80F09DA878}
	EndGlobalSection
EndGlobal
